
Microsoft Visual Studio Solution File, Format Version 12.00
# Visual Studio 15
VisualStudioVersion = 15.0.26403.3
MinimumVisualStudioVersion = 10.0.40219.1
Project("{FAE04EC0-301F-11D3-BF4B-00C04F79EFBC}") = "Unit Testing With NUnit", "Unit Testing With NUnit\Unit Testing With NUnit.csproj", "{6224D09A-9C78-4980-96AD-904600B352A5}"
EndProject
Project("{FAE04EC0-301F-11D3-BF4B-00C04F79EFBC}") = "LogAn.UnitTests", "LogAn.UnitTests\LogAn.UnitTests.csproj", "{5995B996-9B98-4A8E-B5B4-1EDD9E81363C}"
EndProject
Global
	GlobalSection(SolutionConfigurationPlatforms) = preSolution
		Debug|Any CPU = Debug|Any CPU
		Release|Any CPU = Release|Any CPU
	EndGlobalSection
	GlobalSection(ProjectConfigurationPlatforms) = postSolution
		{6224D09A-9C78-4980-96AD-904600B352A5}.Debug|Any CPU.ActiveCfg = Debug|Any CPU
		{6224D09A-9C78-4980-96AD-904600B352A5}.Debug|Any CPU.Build.0 = Debug|Any CPU
		{6224D09A-9C78-4980-96AD-904600B352A5}.Release|Any CPU.ActiveCfg = Release|Any CPU
		{6224D09A-9C78-4980-96AD-904600B352A5}.Release|Any CPU.Build.0 = Release|Any CPU
		{5995B996-9B98-4A8E-B5B4-1EDD9E81363C}.Debug|Any CPU.ActiveCfg = Debug|Any CPU
		{5995B996-9B98-4A8E-B5B4-1EDD9E81363C}.Debug|Any CPU.Build.0 = Debug|Any CPU
		{5995B996-9B98-4A8E-B5B4-1EDD9E81363C}.Release|Any CPU.ActiveCfg = Release|Any CPU
		{5995B996-9B98-4A8E-B5B4-1EDD9E81363C}.Release|Any CPU.Build.0 = Release|Any CPU
	EndGlobalSection
	GlobalSection(SolutionProperties) = preSolution
		HideSolutionNode = FALSE
	EndGlobalSection
EndGlobal
